{
    "name": "hello_world",
    "version": "1.0.0",
    "lockfileVersion": 3,
    "requires": true,
    "packages": {
        "": {
            "name": "hello_world",
            "version": "1.0.0",
            "license": "MIT",
            "devDependencies": {
                "jest": "^30.0.3",
                "supertest": "^7.1.1"
            }
        },
        "node_modules/@jest/console": {
            "version": "30.0.3",
            "resolved": "https://registry.npmjs.org/@jest/console/-/console-30.0.3.tgz",
            "integrity": "sha512-SrS5pKe1rJWNBUK1kNOj5/LUYMS4MNNpKX/Ic3F8mWqY/EDhUH8eQJuFPGjKrTeFJNBKD1R6H1J8lXXjV5B6Bg==",
            "dev": true,
            "dependencies": {
                "@jest/types": "^30.0.3",
                "@types/node": "*",
                "chalk": "^4.0.0",
                "jest-message-util": "^30.0.3",
                "jest-util": "^30.0.3",
                "slash": "^3.0.0"
            },
            "engines": {
                "node": "^16.10.0 || ^18.12.0 || >=20.0.0"
            }
        },
        "node_modules/@jest/core": {
            "version": "30.0.3",
            "resolved": "https://registry.npmjs.org/@jest/core/-/core-30.0.3.tgz",
            "integrity": "sha512-fSFzfp8FPrFpDYU+TK9fXm1QKbBz9nW4F9Y2m6+7QC+xhAX3jnLhKV5j4fv5hGzwUeGZGZOuQYx0/o4dS6rqKA==",
            "dev": true,
            "dependencies": {
                "@jest/console": "^30.0.3",
                "@jest/reporters": "^30.0.3",
                "@jest/test-result": "^30.0.3",
                "@jest/transform": "^30.0.3",
                "@jest/types": "^30.0.3",
                "@types/node": "*",
                "ansi-escapes": "^4.2.1",
                "chalk": "^4.0.0",
                "ci-info": "^3.2.0",
                "exit": "^0.1.2",
                "graceful-fs": "^4.2.9",
                "jest-changed-files": "^30.0.3",
                "jest-config": "^30.0.3",
                "jest-haste-map": "^30.0.3",
                "jest-message-util": "^30.0.3",
                "jest-regex-util": "^30.0.3",
                "jest-resolve": "^30.0.3",
                "jest-resolve-dependencies": "^30.0.3",
                "jest-runner": "^30.0.3",
                "jest-runtime": "^30.0.3",
                "jest-snapshot": "^30.0.3",
                "jest-util": "^30.0.3",
                "jest-validate": "^30.0.3",
                "jest-watcher": "^30.0.3",
                "micromatch": "^4.0.4",
                "pretty-format": "^30.0.3",
                "slash": "^3.0.0",
                "strip-ansi": "^6.0.0"
            },
            "engines": {
                "node": "^16.10.0 || ^18.12.0 || >=20.0.0"
            },
            "peerDependencies": {
                "node-notifier": "^8.0.1 || ^9.0.0 || ^10.0.0"
            },
            "peerDependenciesMeta": {
                "node-notifier": {
                    "optional": true
                }
            }
        },
        "node_modules/@jest/environment": {
            "version": "30.0.3",
            "resolved": "https://registry.npmjs.org/@jest/environment/-/environment-30.0.3.tgz",
            "integrity": "sha512-EeBW59R5OJWBrJc3lLn83z7N0dmSy5FkwYu+nKSGG4YNNc3B2aE8PTKz1EhJULs9KaGKfxqVQ/vbz5eIH3uQkA==",
            "dev": true,
            "dependencies": {
                "@jest/fake-timers": "^30.0.3",
                "@jest/types": "^30.0.3",
                "@types/node": "*",
                "jest-mock": "^30.0.3"
            },
            "engines": {
                "node": "^16.10.0 || ^18.12.0 || >=20.0.0"
            }
        },
        "node_modules/@jest/fake-timers": {
            "version": "30.0.3",
            "resolved": "https://registry.npmjs.org/@jest/fake-timers/-/fake-timers-30.0.3.tgz",
            "integrity": "sha512-YE1vMmjF6O7k9Zyba23HgAa0aQB/z6J7w3z5k9a0wWYYBdm4WX7t4UtDlTAiZ2HV4LRY7bF2xJyF9zp/6Yz8Dw==",
            "dev": true,
            "dependencies": {
                "@jest/types": "^30.0.3",
                "@sinonjs/fake-timers": "^10.0.2",
                "@types/node": "*",
                "jest-message-util": "^30.0.3",
                "jest-mock": "^30.0.3",
                "jest-util": "^30.0.3"
            },
            "engines": {
                "node": "^16.10.0 || ^18.12.0 || >=20.0.0"
            }
        },
        "node_modules/@jest/types": {
            "version": "30.0.3",
            "resolved": "https://registry.npmjs.org/@jest/types/-/types-30.0.3.tgz",
            "integrity": "sha512-+Wc+gIGDAShqHSY8aFE9WBT6Pus8p0YQ3vSDGKzY8yKVK4LKX6zSP3PIbSDoyKJo/uQNpF9YrAa0HkX2dMEaag==",
            "dev": true,
            "dependencies": {
                "@jest/schemas": "^30.0.3",
                "@types/istanbul-lib-coverage": "^2.0.0",
                "@types/istanbul-reports": "^3.0.0",
                "@types/node": "*",
                "@types/yargs": "^17.0.8",
                "chalk": "^4.0.0"
            },
            "engines": {
                "node": "^16.10.0 || ^18.12.0 || >=20.0.0"
            }
        },
        "node_modules/@jest/schemas": {
            "version": "30.0.3",
            "resolved": "https://registry.npmjs.org/@jest/schemas/-/schemas-30.0.3.tgz",
            "integrity": "sha512-2Ou7dRpCOGfW6R8D3OcXz9sggP9aNuJ4Pk8pE1S++P3bHOCaDBvuOYm/nLZVQF4e8HvDzfnEFQrQCJM9rwJuYg==",
            "dev": true,
            "dependencies": {
                "@sinclair/typebox": "^0.27.8"
            },
            "engines": {
                "node": "^16.10.0 || ^18.12.0 || >=20.0.0"
            }
        },
        "node_modules/@types/node": {
            "version": "18.19.67",
            "resolved": "https://registry.npmjs.org/@types/node/-/node-18.19.67.tgz",
            "integrity": "sha512-wI8h5/BZ8bWOOKOE2IQIWqQGmAiRAaupMN8/UPvnbvdqIlkQPo4UN/di3wWrDhDEJnq9WDhBwJMHG1BJ6vCN2A==",
            "dev": true,
            "dependencies": {
                "undici-types": "~5.26.4"
            }
        },
        "node_modules/chalk": {
            "version": "4.1.2",
            "resolved": "https://registry.npmjs.org/chalk/-/chalk-4.1.2.tgz",
            "integrity": "sha512-oKnbhFyRIXpUuez8iBMmyEa4nbj4IOQyuhc/wy9kY7/WVPcwIO9VA668Pu8RkO7+0G76SLROeyw9CpQ061i4mA==",
            "dev": true,
            "dependencies": {
                "ansi-styles": "^4.1.0",
                "supports-color": "^7.1.0"
            },
            "engines": {
                "node": ">=10"
            },
            "funding": {
                "url": "https://github.com/chalk/chalk?sponsor=1"
            }
        },
        "node_modules/ansi-styles": {
            "version": "4.3.0",
            "resolved": "https://registry.npmjs.org/ansi-styles/-/ansi-styles-4.3.0.tgz",
            "integrity": "sha512-zbB9rCJAT1rbjiVDb2hqKFHNYLxgtk8NURxZ3IZwD3F6NtxbXZQCnnSi1Lkx+IDohdPlFp222wVALIheZJQSEg==",
            "dev": true,
            "dependencies": {
                "color-convert": "^2.0.1"
            },
            "engines": {
                "node": ">=8"
            },
            "funding": {
                "url": "https://github.com/chalk/ansi-styles?sponsor=1"
            }
        },
        "node_modules/color-convert": {
            "version": "2.0.1",
            "resolved": "https://registry.npmjs.org/color-convert/-/color-convert-2.0.1.tgz",
            "integrity": "sha512-RRECPsj7iu/xb5oKYcsFHSppFNnsj/52OVTRKb4zP5onXwVF3zVmmToNcOfGC+CRDpfK/U584fMg38ZHCaElKQ==",
            "dev": true,
            "dependencies": {
                "color-name": "~1.1.4"
            },
            "engines": {
                "node": ">=7.0.0"
            }
        },
        "node_modules/color-name": {
            "version": "1.1.4",
            "resolved": "https://registry.npmjs.org/color-name/-/color-name-1.1.4.tgz",
            "integrity": "sha512-dOy+3AuW3a2wNbZHIuMZpTcgjGuLU/uBL/ubcZF9OXbDo8ff4O8yVp5Bf0efS8uEoYo5q4Fx7dY9OgQGXgAsQA==",
            "dev": true
        },
        "node_modules/supports-color": {
            "version": "7.2.0",
            "resolved": "https://registry.npmjs.org/supports-color/-/supports-color-7.2.0.tgz",
            "integrity": "sha512-qpCAvRl9stuOHveKsn7HncJRvv501qIacKzQlO/+Lwxc9+0q2wLyv4Dfvt80/DPn2pqOBsJdDiogXGR9+OvwRw==",
            "dev": true,
            "dependencies": {
                "has-flag": "^4.0.0"
            },
            "engines": {
                "node": ">=8"
            }
        },
        "node_modules/has-flag": {
            "version": "4.0.0",
            "resolved": "https://registry.npmjs.org/has-flag/-/has-flag-4.0.0.tgz",
            "integrity": "sha512-EykJT/Q1KjTWctppgIAgfSO0tKVuZUjhgMr17kqTumMl6Afv3EISleU7qZUzoXDFTAHTDC4NOoG/ZxU3EvlMPQ==",
            "dev": true,
            "engines": {
                "node": ">=8"
            }
        },
        "node_modules/jest": {
            "version": "30.0.3",
            "resolved": "https://registry.npmjs.org/jest/-/jest-30.0.3.tgz",
            "integrity": "sha512-ScvzHGfIvF8jWa2OO7XHPzNzJKBp6p0G5A/7dkMWXRJ2YJgJTsHUVyPBPaZfaJWPyTIGHM7bJjNP1Qz6q24lmw==",
            "dev": true,
            "dependencies": {
                "@jest/core": "^30.0.3",
                "@jest/types": "^30.0.3",
                "import-local": "^3.0.2",
                "jest-cli": "^30.0.3"
            },
            "bin": {
                "jest": "bin/jest.js"
            },
            "engines": {
                "node": "^16.10.0 || ^18.12.0 || >=20.0.0"
            },
            "peerDependencies": {
                "node-notifier": "^8.0.1 || ^9.0.0 || ^10.0.0"
            },
            "peerDependenciesMeta": {
                "node-notifier": {
                    "optional": true
                }
            }
        },
        "node_modules/jest-cli": {
            "version": "30.0.3",
            "resolved": "https://registry.npmjs.org/jest-cli/-/jest-cli-30.0.3.tgz",
            "integrity": "sha512-ZrOXmPrKKjgPM8xIIqKKbNcvkUcOaE5fUCEQswKwgJ3o6bWkqFjbBRJ+9bQT5F6vVIQBNkGYx6qQHHbqo6R6gA==",
            "dev": true,
            "dependencies": {
                "@jest/core": "^30.0.3",
                "@jest/test-result": "^30.0.3",
                "@jest/types": "^30.0.3",
                "chalk": "^4.0.0",
                "exit": "^0.1.2",
                "graceful-fs": "^4.2.9",
                "import-local": "^3.0.2",
                "jest-config": "^30.0.3",
                "jest-util": "^30.0.3",
                "jest-validate": "^30.0.3",
                "yargs": "^17.3.1"
            },
            "bin": {
                "jest": "bin/jest.js"
            },
            "engines": {
                "node": "^16.10.0 || ^18.12.0 || >=20.0.0"
            },
            "peerDependencies": {
                "node-notifier": "^8.0.1 || ^9.0.0 || ^10.0.0"
            },
            "peerDependenciesMeta": {
                "node-notifier": {
                    "optional": true
                }
            }
        },
        "node_modules/supertest": {
            "version": "7.1.1",
            "resolved": "https://registry.npmjs.org/supertest/-/supertest-7.1.1.tgz",
            "integrity": "sha512-6Ig9rQGU8HNGWJHzstHxoYJVtlGMxh5sZcKGMb+rM0XRCYUMWHYaGUfLQDN6fRQUCK1xOCg6ixnm3CoBMGjbTA==",
            "dev": true,
            "dependencies": {
                "methods": "^1.1.2",
                "superagent": "^10.1.0"
            },
            "engines": {
                "node": ">=14.18.0"
            }
        },
        "node_modules/methods": {
            "version": "1.1.2",
            "resolved": "https://registry.npmjs.org/methods/-/methods-1.1.2.tgz",
            "integrity": "sha512-iclAHeNqNm68zFtnZ0e+1L2yUIdvzNoauKU4WBA3VvH/vPFieF7qfRlwUZU+DA9P9bPXIS90ulxoUoCH23sV2w==",
            "dev": true,
            "engines": {
                "node": ">= 0.6"
            }
        },
        "node_modules/superagent": {
            "version": "10.1.2",
            "resolved": "https://registry.npmjs.org/superagent/-/superagent-10.1.2.tgz",
            "integrity": "sha512-HCXbp/3YWKj6X0Ml6I8o/AZz6UA5TAi8Nm3kFGRJDR+G+fTU2PWLIz6m4/O+tWOJMq/gQNJN+T6PBs1sKV7DMQ==",
            "dev": true,
            "dependencies": {
                "component-emitter": "^1.3.0",
                "cookiejar": "^2.1.4",
                "debug": "^4.3.7",
                "fast-safe-stringify": "^2.1.1",
                "form-data": "^4.0.0",
                "formidable": "^3.5.1",
                "mime": "2.6.0",
                "semver": "^7.6.3"
            },
            "engines": {
                "node": ">=14.18.0"
            }
        },
        "node_modules/component-emitter": {
            "version": "1.3.1",
            "resolved": "https://registry.npmjs.org/component-emitter/-/component-emitter-1.3.1.tgz",
            "integrity": "sha512-T0+barUSQRTUQASh8bx02dl+DhF54GtIDY13Y3m9oWTklKbb3Wv974meRpeZ3lp1JpLVECWWNHC4+VObBrnms/A==",
            "dev": true,
            "funding": {
                "url": "https://github.com/sponsors/sindresorhus"
            }
        },
        "node_modules/cookiejar": {
            "version": "2.1.4",
            "resolved": "https://registry.npmjs.org/cookiejar/-/cookiejar-2.1.4.tgz",
            "integrity": "sha512-LDx6oHrK+PhzLKJU9j5S7/Y3jM/mUHvD/DeI1WQmJn652iPC5Y4TBzC9l+5OMOXlyTTA+SmVUPm0HQUwpD5Jqw==",
            "dev": true
        },
        "node_modules/debug": {
            "version": "4.3.7",
            "resolved": "https://registry.npmjs.org/debug/-/debug-4.3.7.tgz",
            "integrity": "sha512-Er2nc/H7RrMXZBFCEim6TCmMk02Z8vLC2Rbi1KEBggpo0fS6l0S1nnapwmIQ3nzUf8OB4za5bp1ZCWsxYLF6hw==",
            "dev": true,
            "dependencies": {
                "ms": "^2.1.3"
            },
            "engines": {
                "node": ">=6.0"
            },
            "peerDependenciesMeta": {
                "supports-color": {
                    "optional": true
                }
            }
        },
        "node_modules/ms": {
            "version": "2.1.3",
            "resolved": "https://registry.npmjs.org/ms/-/ms-2.1.3.tgz",
            "integrity": "sha512-6FlzubTLZG3J2a/NVCAleEhjzq5oxgHyaCU9yYXvcLsvoVaHJq/s5xXI6/XXP6tz7R9xAOtHnSO/tXtF3WRTlA==",
            "dev": true
        },
        "node_modules/mime": {
            "version": "2.6.0",
            "resolved": "https://registry.npmjs.org/mime/-/mime-2.6.0.tgz",
            "integrity": "sha512-USPkMeET31rOMiarsBNIHZKLGgvKc/LrjofAnBlOttf5ajRvqiRA8QsenbcooctK6d6Ts6aqZXBA+XbkKthiQg==",
            "dev": true,
            "bin": {
                "mime": "cli.js"
            },
            "engines": {
                "node": ">=4.0.0"
            }
        },
        "node_modules/semver": {
            "version": "7.6.3",
            "resolved": "https://registry.npmjs.org/semver/-/semver-7.6.3.tgz",
            "integrity": "sha512-oVekP1cKtI+CTDvHWYFUcMtsK/00wmAEfyqKfNdARm+u7MvhPwGQ+a6qZdKzST9hOqGZ2v6h3Yt5VHcJ5a2MmQ==",
            "dev": true,
            "bin": {
                "semver": "bin/semver.js"
            },
            "engines": {
                "node": ">=10"
            }
        },
        "node_modules/undici-types": {
            "version": "5.26.5",
            "resolved": "https://registry.npmjs.org/undici-types/-/undici-types-5.26.5.tgz",
            "integrity": "sha512-JlCMO+ehdEIKqlFxk6IfVoAUVmgz7cU7zD/h9XZ0qzeosSHmUJVOzSQvvYSYWXkFXC+IfLKSIffhv0sVZup6pA==",
            "dev": true
        }
    }
}
